
Microsoft Visual Studio Solution File, Format Version 12.00
# Visual Studio 15
VisualStudioVersion = 15.0.28307.572
MinimumVisualStudioVersion = 10.0.40219.1
Project("{FAE04EC0-301F-11D3-BF4B-00C04F79EFBC}") = "Bloc4_PierLucCLoutier", "Bloc4_PierLucCLoutier\Bloc4_PierLucCLoutier.csproj", "{37264419-63CC-4EFD-8CBF-37B3D5F57CBA}"
EndProject
Project("{FAE04EC0-301F-11D3-BF4B-00C04F79EFBC}") = "Bloc4_Test", "Bloc4_Test\Bloc4_Test.csproj", "{08503C73-D3AE-4626-9685-89D72579ED96}"
EndProject
Global
	GlobalSection(SolutionConfigurationPlatforms) = preSolution
		Debug|Any CPU = Debug|Any CPU
		Release|Any CPU = Release|Any CPU
	EndGlobalSection
	GlobalSection(ProjectConfigurationPlatforms) = postSolution
		{37264419-63CC-4EFD-8CBF-37B3D5F57CBA}.Debug|Any CPU.ActiveCfg = Debug|Any CPU
		{37264419-63CC-4EFD-8CBF-37B3D5F57CBA}.Debug|Any CPU.Build.0 = Debug|Any CPU
		{37264419-63CC-4EFD-8CBF-37B3D5F57CBA}.Release|Any CPU.ActiveCfg = Release|Any CPU
		{37264419-63CC-4EFD-8CBF-37B3D5F57CBA}.Release|Any CPU.Build.0 = Release|Any CPU
		{08503C73-D3AE-4626-9685-89D72579ED96}.Debug|Any CPU.ActiveCfg = Debug|Any CPU
		{08503C73-D3AE-4626-9685-89D72579ED96}.Debug|Any CPU.Build.0 = Debug|Any CPU
		{08503C73-D3AE-4626-9685-89D72579ED96}.Release|Any CPU.ActiveCfg = Release|Any CPU
		{08503C73-D3AE-4626-9685-89D72579ED96}.Release|Any CPU.Build.0 = Release|Any CPU
	EndGlobalSection
	GlobalSection(SolutionProperties) = preSolution
		HideSolutionNode = FALSE
	EndGlobalSection
	GlobalSection(ExtensibilityGlobals) = postSolution
		SolutionGuid = {4CCCA85B-F4A5-4A6F-92C9-34099F4CE0AA}
	EndGlobalSection
EndGlobal
